
Microsoft Visual Studio Solution File, Format Version 12.00
# Visual Studio 15
VisualStudioVersion = 15.0.27703.2042
MinimumVisualStudioVersion = 10.0.40219.1
Project("{FAE04EC0-301F-11D3-BF4B-00C04F79EFBC}") = "Christmas_Tree", "Christmas_Tree\Christmas_Tree.csproj", "{161B486E-210C-42BC-AB67-26C1EEA5C736}"
EndProject
Global
	GlobalSection(SolutionConfigurationPlatforms) = preSolution
		Debug|Any CPU = Debug|Any CPU
		Release|Any CPU = Release|Any CPU
	EndGlobalSection
	GlobalSection(ProjectConfigurationPlatforms) = postSolution
		{161B486E-210C-42BC-AB67-26C1EEA5C736}.Debug|Any CPU.ActiveCfg = Debug|Any CPU
		{161B486E-210C-42BC-AB67-26C1EEA5C736}.Debug|Any CPU.Build.0 = Debug|Any CPU
		{161B486E-210C-42BC-AB67-26C1EEA5C736}.Release|Any CPU.ActiveCfg = Release|Any CPU
		{161B486E-210C-42BC-AB67-26C1EEA5C736}.Release|Any CPU.Build.0 = Release|Any CPU
	EndGlobalSection
	GlobalSection(SolutionProperties) = preSolution
		HideSolutionNode = FALSE
	EndGlobalSection
	GlobalSection(ExtensibilityGlobals) = postSolution
		SolutionGuid = {70BA85F6-704C-49FE-8AA1-99481B4E66F4}
	EndGlobalSection
EndGlobal
